PODS:
  - Flutter (1.0.0)
  - flutter_toast_message (0.0.1):
    - Flutter

DEPENDENCIES:
  - Flutter (from `Flutter`)
  - flutter_toast_message (from `.symlinks/plugins/flutter_toast_message/ios`)

EXTERNAL SOURCES:
  Flutter:
    :path: Flutter
  flutter_toast_message:
    :path: ".symlinks/plugins/flutter_toast_message/ios"

SPEC CHECKSUMS:
  Flutter: 0e3d915762c693b495b44d77113d4970485de6ec
  flutter_toast_message: 3b2b631768a99bc6f94ac7ba0fac4f641cfd5f77

PODFILE CHECKSUM: aafe91acc616949ddb318b77800a7f51bffa2a4c

COCOAPODS: 1.10.1
